
Microsoft Visual Studio Solution File, Format Version 12.00
# Visual Studio Version 17
VisualStudioVersion = 17.13.35931.197 d17.13
MinimumVisualStudioVersion = 10.0.40219.1
Project("{FAE04EC0-301F-11D3-BF4B-00C04F79EFBC}") = "OnlineQuizApp_Group_04", "OnlineQuizApp_Group_04\OnlineQuizApp_Group_04.csproj", "{2F84EECB-AD54-494D-BFC6-A04013680A53}"
EndProject
Global
	GlobalSection(SolutionConfigurationPlatforms) = preSolution
		Debug|Any CPU = Debug|Any CPU
		Release|Any CPU = Release|Any CPU
	EndGlobalSection
	GlobalSection(ProjectConfigurationPlatforms) = postSolution
		{2F84EECB-AD54-494D-BFC6-A04013680A53}.Debug|Any CPU.ActiveCfg = Debug|Any CPU
		{2F84EECB-AD54-494D-BFC6-A04013680A53}.Debug|Any CPU.Build.0 = Debug|Any CPU
		{2F84EECB-AD54-494D-BFC6-A04013680A53}.Release|Any CPU.ActiveCfg = Release|Any CPU
		{2F84EECB-AD54-494D-BFC6-A04013680A53}.Release|Any CPU.Build.0 = Release|Any CPU
	EndGlobalSection
	GlobalSection(SolutionProperties) = preSolution
		HideSolutionNode = FALSE
	EndGlobalSection
	GlobalSection(ExtensibilityGlobals) = postSolution
		SolutionGuid = {CCB21BDE-874D-4C3A-985E-3B02D25A769C}
	EndGlobalSection
EndGlobal
